
Microsoft Visual Studio Solution File, Format Version 12.00
# Visual Studio Version 17
VisualStudioVersion = 17.0.31903.59
MinimumVisualStudioVersion = 10.0.40219.1
Project("{2150E333-8FDC-42A3-9474-1A3956D46DE8}") = "src", "src", "{B507718E-302D-4CC1-8410-BC8C83860464}"
EndProject
Project("{FAE04EC0-301F-11D3-BF4B-00C04F79EFBC}") = "Middleware.Core", "src\Middleware.Core\Middleware.Core.csproj", "{E61E8903-83A4-4F92-8B24-E5ED112E963F}"
EndProject
Project("{FAE04EC0-301F-11D3-BF4B-00C04F79EFBC}") = "Middleware.Infrastructure", "src\Middleware.Infrastructure\Middleware.Infrastructure.csproj", "{7DAECEF1-34D7-4D4B-B32F-0680E442CC97}"
EndProject
Project("{FAE04EC0-301F-11D3-BF4B-00C04F79EFBC}") = "Middleware.Api", "src\Middleware.Api\Middleware.Api.csproj", "{DF65E34F-21EB-4AA4-A7C3-86DA9B371F11}"
EndProject
Project("{2150E333-8FDC-42A3-9474-1A3956D46DE8}") = "tests", "tests", "{B3333AE3-E285-47B2-9D48-041B9F28489D}"
EndProject
Project("{FAE04EC0-301F-11D3-BF4B-00C04F79EFBC}") = "Middleware.UnitTests", "tests\Middleware.UnitTests\Middleware.UnitTests.csproj", "{958BF5BB-A649-4E47-BD5C-C0F8D077F9AA}"
EndProject
Project("{FAE04EC0-301F-11D3-BF4B-00C04F79EFBC}") = "Middleware.IntegrationTests", "tests\Middleware.IntegrationTests\Middleware.IntegrationTests.csproj", "{FED606AF-B011-42DD-A468-A50E99477211}"
EndProject
Project("{2150E333-8FDC-42A3-9474-1A3956D46DE8}") = "tools", "tools", "{CF3ADAD3-F919-4DD5-A8C2-CE7F390F2ABA}"
EndProject
Project("{FAE04EC0-301F-11D3-BF4B-00C04F79EFBC}") = "Middleware.ShadowHarness", "tools\Middleware.ShadowHarness\Middleware.ShadowHarness.csproj", "{F3FD5C67-010C-4ECA-AEE1-A65CF2DBB55B}"
EndProject
Global
	GlobalSection(SolutionConfigurationPlatforms) = preSolution
		Debug|Any CPU = Debug|Any CPU
		Release|Any CPU = Release|Any CPU
	EndGlobalSection
	GlobalSection(SolutionProperties) = preSolution
		HideSolutionNode = FALSE
	EndGlobalSection
	GlobalSection(ProjectConfigurationPlatforms) = postSolution
		{E61E8903-83A4-4F92-8B24-E5ED112E963F}.Debug|Any CPU.ActiveCfg = Debug|Any CPU
		{E61E8903-83A4-4F92-8B24-E5ED112E963F}.Debug|Any CPU.Build.0 = Debug|Any CPU
		{E61E8903-83A4-4F92-8B24-E5ED112E963F}.Release|Any CPU.ActiveCfg = Release|Any CPU
		{E61E8903-83A4-4F92-8B24-E5ED112E963F}.Release|Any CPU.Build.0 = Release|Any CPU
		{7DAECEF1-34D7-4D4B-B32F-0680E442CC97}.Debug|Any CPU.ActiveCfg = Debug|Any CPU
		{7DAECEF1-34D7-4D4B-B32F-0680E442CC97}.Debug|Any CPU.Build.0 = Debug|Any CPU
		{7DAECEF1-34D7-4D4B-B32F-0680E442CC97}.Release|Any CPU.ActiveCfg = Release|Any CPU
		{7DAECEF1-34D7-4D4B-B32F-0680E442CC97}.Release|Any CPU.Build.0 = Release|Any CPU
		{DF65E34F-21EB-4AA4-A7C3-86DA9B371F11}.Debug|Any CPU.ActiveCfg = Debug|Any CPU
		{DF65E34F-21EB-4AA4-A7C3-86DA9B371F11}.Debug|Any CPU.Build.0 = Debug|Any CPU
		{DF65E34F-21EB-4AA4-A7C3-86DA9B371F11}.Release|Any CPU.ActiveCfg = Release|Any CPU
		{DF65E34F-21EB-4AA4-A7C3-86DA9B371F11}.Release|Any CPU.Build.0 = Release|Any CPU
		{958BF5BB-A649-4E47-BD5C-C0F8D077F9AA}.Debug|Any CPU.ActiveCfg = Debug|Any CPU
		{958BF5BB-A649-4E47-BD5C-C0F8D077F9AA}.Debug|Any CPU.Build.0 = Debug|Any CPU
		{958BF5BB-A649-4E47-BD5C-C0F8D077F9AA}.Release|Any CPU.ActiveCfg = Release|Any CPU
		{958BF5BB-A649-4E47-BD5C-C0F8D077F9AA}.Release|Any CPU.Build.0 = Release|Any CPU
		{FED606AF-B011-42DD-A468-A50E99477211}.Debug|Any CPU.ActiveCfg = Debug|Any CPU
		{FED606AF-B011-42DD-A468-A50E99477211}.Debug|Any CPU.Build.0 = Debug|Any CPU
		{FED606AF-B011-42DD-A468-A50E99477211}.Release|Any CPU.ActiveCfg = Release|Any CPU
		{FED606AF-B011-42DD-A468-A50E99477211}.Release|Any CPU.Build.0 = Release|Any CPU
		{F3FD5C67-010C-4ECA-AEE1-A65CF2DBB55B}.Debug|Any CPU.ActiveCfg = Debug|Any CPU
		{F3FD5C67-010C-4ECA-AEE1-A65CF2DBB55B}.Debug|Any CPU.Build.0 = Debug|Any CPU
		{F3FD5C67-010C-4ECA-AEE1-A65CF2DBB55B}.Release|Any CPU.ActiveCfg = Release|Any CPU
		{F3FD5C67-010C-4ECA-AEE1-A65CF2DBB55B}.Release|Any CPU.Build.0 = Release|Any CPU
	EndGlobalSection
	GlobalSection(NestedProjects) = preSolution
		{E61E8903-83A4-4F92-8B24-E5ED112E963F} = {B507718E-302D-4CC1-8410-BC8C83860464}
		{7DAECEF1-34D7-4D4B-B32F-0680E442CC97} = {B507718E-302D-4CC1-8410-BC8C83860464}
		{DF65E34F-21EB-4AA4-A7C3-86DA9B371F11} = {B507718E-302D-4CC1-8410-BC8C83860464}
		{958BF5BB-A649-4E47-BD5C-C0F8D077F9AA} = {B3333AE3-E285-47B2-9D48-041B9F28489D}
		{FED606AF-B011-42DD-A468-A50E99477211} = {B3333AE3-E285-47B2-9D48-041B9F28489D}
		{F3FD5C67-010C-4ECA-AEE1-A65CF2DBB55B} = {CF3ADAD3-F919-4DD5-A8C2-CE7F390F2ABA}
	EndGlobalSection
EndGlobal
